<?xml version="1.0" encoding="utf-8"?>
<Project ToolsVersion="4.0" xmlns="http://schemas.microsoft.com/developer/msbuild/2003">
  <ItemGroup>
    <Filter Include="소스 파일">
      <UniqueIdentifier>{4FC737F1-C7A5-4376-A066-2A32D752A2FF}</UniqueIdentifier>
      <Extensions>cpp;c;cc;cxx;c++;cppm;ixx;def;odl;idl;hpj;bat;asm;asmx</Extensions>
    </Filter>
    <Filter Include="헤더 파일">
      <UniqueIdentifier>{93995380-89BD-4b04-88EB-625FBE52EBFB}</UniqueIdentifier>
      <Extensions>h;hh;hpp;hxx;h++;hm;inl;inc;ipp;xsd</Extensions>
    </Filter>
    <Filter Include="리소스 파일">
      <UniqueIdentifier>{67DA6AB6-F800-4c08-8B7A-83BB121AAD01}</UniqueIdentifier>
      <Extensions>rc;ico;cur;bmp;dlg;rc2;rct;bin;rgs;gif;jpg;jpeg;jpe;resx;tiff;tif;png;wav;mfcribbon-ms</Extensions>
    </Filter>
    <Filter Include="헤더 파일\Include">
      <UniqueIdentifier>{e9c33c58-4e8d-47e6-a544-638ce8805c15}</UniqueIdentifier>
    </Filter>
    <Filter Include="소스 파일\Game">
      <UniqueIdentifier>{b5090c5e-b22c-4e11-bfe1-98acfc0a66da}</UniqueIdentifier>
    </Filter>
    <Filter Include="소스 파일\Game\Menu">
      <UniqueIdentifier>{053d53dd-6cbc-4801-91ed-884293772248}</UniqueIdentifier>
    </Filter>
    <Filter Include="소스 파일\Game\Stage">
      <UniqueIdentifier>{5bc185b2-3b55-45b7-9b46-6e15f9c43fbd}</UniqueIdentifier>
    </Filter>
    <Filter Include="소스 파일\Manager">
      <UniqueIdentifier>{c4ad8f08-e5f1-49a0-af72-5933d9383551}</UniqueIdentifier>
    </Filter>
    <Filter Include="소스 파일\Manager\CollisionMgr">
      <UniqueIdentifier>{4f1e7178-5bfc-4885-ad91-3673d717ff9f}</UniqueIdentifier>
    </Filter>
    <Filter Include="소스 파일\Manager\ObjMgr">
      <UniqueIdentifier>{c6aa87f1-7244-48bc-8393-9892c9021ac6}</UniqueIdentifier>
    </Filter>
    <Filter Include="소스 파일\Manager\ObjPoolMgr">
      <UniqueIdentifier>{b17a22d2-f7b6-471a-b660-570a87558979}</UniqueIdentifier>
    </Filter>
    <Filter Include="소스 파일\Manager\ScrollMgr">
      <UniqueIdentifier>{38fc7716-e1b4-407a-8a41-c8199727d9af}</UniqueIdentifier>
    </Filter>
    <Filter Include="소스 파일\Manager\LineMgr">
      <UniqueIdentifier>{498c9fb3-bff9-4c5e-acec-3add4f9ceb79}</UniqueIdentifier>
    </Filter>
    <Filter Include="소스 파일\Manager\KeyMgr">
      <UniqueIdentifier>{7e9a1e36-6b5f-4b5e-ae87-8abbc2242122}</UniqueIdentifier>
    </Filter>
    <Filter Include="소스 파일\Manager\LineMgr\Line">
      <UniqueIdentifier>{8170962f-35fd-45f9-ac89-97ec4a0806e9}</UniqueIdentifier>
    </Filter>
    <Filter Include="소스 파일\Obj">
      <UniqueIdentifier>{86768fb9-cff8-4414-8cc3-37c7efcabd8c}</UniqueIdentifier>
    </Filter>
    <Filter Include="소스 파일\Game\Menu\Button">
      <UniqueIdentifier>{87b4a683-da74-4ff0-8462-6cb0401d598c}</UniqueIdentifier>
    </Filter>
    <Filter Include="소스 파일\Game\Stage\StageOne">
      <UniqueIdentifier>{1c54131a-8b0b-40e1-9813-0bb50ca7c395}</UniqueIdentifier>
    </Filter>
    <Filter Include="소스 파일\Game\Stage\StageTwo">
      <UniqueIdentifier>{81e8ba99-d9a9-42b5-af2a-8c5f477dc447}</UniqueIdentifier>
    </Filter>
    <Filter Include="소스 파일\Game\Stage\StageThree">
      <UniqueIdentifier>{dca6c3ad-f5c6-42c8-8332-a26445628629}</UniqueIdentifier>
    </Filter>
    <Filter Include="소스 파일\Game\Stage\StageFour">
      <UniqueIdentifier>{a9d173f0-c684-4670-8717-14c6f345ae82}</UniqueIdentifier>
    </Filter>
    <Filter Include="소스 파일\Manager\BmpMgr">
      <UniqueIdentifier>{60e846b6-6ba8-46cd-a810-4d770b174ece}</UniqueIdentifier>
    </Filter>
    <Filter Include="소스 파일\Manager\BmpMgr\MyBmp">
      <UniqueIdentifier>{a542de66-0905-4a3e-ae6b-0d208ff01213}</UniqueIdentifier>
    </Filter>
    <Filter Include="소스 파일\Obj\Player">
      <UniqueIdentifier>{07890ceb-dfe4-40ac-8bde-67f62e1b2f13}</UniqueIdentifier>
    </Filter>
    <Filter Include="소스 파일\Obj\Monster">
      <UniqueIdentifier>{f9c1244a-2f83-42e9-80ce-117f5fe456c9}</UniqueIdentifier>
    </Filter>
    <Filter Include="소스 파일\Obj\Obstacle">
      <UniqueIdentifier>{91280268-0519-463a-a65e-46934c1b8f99}</UniqueIdentifier>
    </Filter>
    <Filter Include="소스 파일\Obj\Bullet">
      <UniqueIdentifier>{34b8eee3-42a5-48b6-a1d7-480b8ca016e1}</UniqueIdentifier>
    </Filter>
    <Filter Include="소스 파일\Manager\DataMgr">
      <UniqueIdentifier>{e9a3db61-36cc-4023-b508-f5357ffe3699}</UniqueIdentifier>
    </Filter>
    <Filter Include="소스 파일\Obj\Item">
      <UniqueIdentifier>{c5616823-5ece-4e9a-9660-d5753a75bcc4}</UniqueIdentifier>
    </Filter>
    <Filter Include="소스 파일\Obj\Item\Coin">
      <UniqueIdentifier>{49b9fa6f-89c9-4cd0-b16e-d18684311c4a}</UniqueIdentifier>
    </Filter>
    <Filter Include="소스 파일\Obj\Monster\Koopa">
      <UniqueIdentifier>{fc1bf292-db7f-4410-9622-ee3ff54fa6a1}</UniqueIdentifier>
    </Filter>
    <Filter Include="소스 파일\Obj\Obstacle\Block">
      <UniqueIdentifier>{6ad71ef3-b80f-49ce-9664-0139baeb62b3}</UniqueIdentifier>
    </Filter>
    <Filter Include="소스 파일\Obj\Obstacle\Block\ItemBlock">
      <UniqueIdentifier>{f07f9da2-0351-4de1-b67c-5a5bcce44697}</UniqueIdentifier>
    </Filter>
    <Filter Include="소스 파일\Obj\Obstacle\Block\BreakableBlock">
      <UniqueIdentifier>{1ee6e6af-2b58-4192-ada5-6bb3fb9bd55b}</UniqueIdentifier>
    </Filter>
    <Filter Include="소스 파일\Obj\Item\Mushroom">
      <UniqueIdentifier>{f78747dd-c76a-474a-b6f2-21a100011601}</UniqueIdentifier>
    </Filter>
    <Filter Include="소스 파일\Obj\Item\Flower">
      <UniqueIdentifier>{fb63e634-fef6-40e7-88b3-4ce52bc5e2dc}</UniqueIdentifier>
    </Filter>
    <Filter Include="소스 파일\Obj\Monster\Squid">
      <UniqueIdentifier>{6a2919d0-61fe-411f-b007-9b41b3073d62}</UniqueIdentifier>
    </Filter>
    <Filter Include="소스 파일\Obj\Monster\MonsterFlower">
      <UniqueIdentifier>{1f038dd7-82a3-469d-927d-428c83d1ecf8}</UniqueIdentifier>
    </Filter>
    <Filter Include="소스 파일\Obj\Monster\Chicken">
      <UniqueIdentifier>{06609403-1c3b-4df3-ae5b-0f45ff1eb854}</UniqueIdentifier>
    </Filter>
    <Filter Include="소스 파일\Obj\Monster\Koopa\Koopa_Bullet">
      <UniqueIdentifier>{6b792f3c-995d-4670-a240-fac0bd398a84}</UniqueIdentifier>
    </Filter>
    <Filter Include="소스 파일\Obj\Monster\MonsterFlower\Flower_Bullet">
      <UniqueIdentifier>{426fbdac-f82a-48c6-a410-b10fb2ef901b}</UniqueIdentifier>
    </Filter>
    <Filter Include="소스 파일\Obj\Obstacle\Block\Pipe">
      <UniqueIdentifier>{6c9e17b8-828c-4722-b951-286b20c208b1}</UniqueIdentifier>
    </Filter>
  </ItemGroup>
  <ItemGroup>
    <ClInclude Include="framework.h">
      <Filter>헤더 파일</Filter>
    </ClInclude>
    <ClInclude Include="targetver.h">
      <Filter>헤더 파일</Filter>
    </ClInclude>
    <ClInclude Include="Resource.h">
      <Filter>헤더 파일</Filter>
    </ClInclude>
    <ClInclude Include="Mario.h">
      <Filter>헤더 파일</Filter>
    </ClInclude>
    <ClInclude Include="Include.h">
      <Filter>헤더 파일</Filter>
    </ClInclude>
    <ClInclude Include="Game.h">
      <Filter>소스 파일\Game</Filter>
    </ClInclude>
    <ClInclude Include="Menu.h">
      <Filter>소스 파일\Game\Menu</Filter>
    </ClInclude>
    <ClInclude Include="Stage.h">
      <Filter>소스 파일\Game\Stage</Filter>
    </ClInclude>
    <ClInclude Include="LineMgr.h">
      <Filter>소스 파일\Manager\LineMgr</Filter>
    </ClInclude>
    <ClInclude Include="Line.h">
      <Filter>소스 파일\Manager\LineMgr\Line</Filter>
    </ClInclude>
    <ClInclude Include="KeyMgr.h">
      <Filter>소스 파일\Manager\KeyMgr</Filter>
    </ClInclude>
    <ClInclude Include="ObjMgr.h">
      <Filter>소스 파일\Manager\ObjMgr</Filter>
    </ClInclude>
    <ClInclude Include="ScrollMgr.h">
      <Filter>소스 파일\Manager\ScrollMgr</Filter>
    </ClInclude>
    <ClInclude Include="Obj.h">
      <Filter>소스 파일\Obj</Filter>
    </ClInclude>
    <ClInclude Include="Struct.h">
      <Filter>헤더 파일\Include</Filter>
    </ClInclude>
    <ClInclude Include="Define.h">
      <Filter>헤더 파일\Include</Filter>
    </ClInclude>
    <ClInclude Include="Enum.h">
      <Filter>헤더 파일\Include</Filter>
    </ClInclude>
    <ClInclude Include="GameButton.h">
      <Filter>소스 파일\Game\Menu\Button</Filter>
    </ClInclude>
    <ClInclude Include="CollisionMgr.h">
      <Filter>소스 파일\Manager\CollisionMgr</Filter>
    </ClInclude>
    <ClInclude Include="Manager.h">
      <Filter>소스 파일\Manager</Filter>
    </ClInclude>
    <ClInclude Include="BmpMgr.h">
      <Filter>소스 파일\Manager\BmpMgr</Filter>
    </ClInclude>
    <ClInclude Include="MyBitmap.h">
      <Filter>소스 파일\Manager\BmpMgr\MyBmp</Filter>
    </ClInclude>
    <ClInclude Include="Monster.h">
      <Filter>소스 파일\Obj\Monster</Filter>
    </ClInclude>
    <ClInclude Include="Player.h">
      <Filter>소스 파일\Obj\Player</Filter>
    </ClInclude>
    <ClInclude Include="AbstractFactory.h">
      <Filter>헤더 파일</Filter>
    </ClInclude>
    <ClInclude Include="Bullet.h">
      <Filter>소스 파일\Obj\Bullet</Filter>
    </ClInclude>
    <ClInclude Include="ObjPoolMgr.h">
      <Filter>소스 파일\Manager\ObjPoolMgr</Filter>
    </ClInclude>
    <ClInclude Include="DataMgr.h">
      <Filter>소스 파일\Manager\DataMgr</Filter>
    </ClInclude>
    <ClInclude Include="MenuButton.h">
      <Filter>소스 파일\Game\Menu\Button</Filter>
    </ClInclude>
    <ClInclude Include="Item.h">
      <Filter>소스 파일\Obj\Item</Filter>
    </ClInclude>
    <ClInclude Include="Coin.h">
      <Filter>소스 파일\Obj\Item\Coin</Filter>
    </ClInclude>
    <ClInclude Include="Koopa.h">
      <Filter>소스 파일\Obj\Monster\Koopa</Filter>
    </ClInclude>
    <ClInclude Include="Block.h">
      <Filter>소스 파일\Obj\Obstacle\Block</Filter>
    </ClInclude>
    <ClInclude Include="ItemBlock.h">
      <Filter>소스 파일\Obj\Obstacle\Block\ItemBlock</Filter>
    </ClInclude>
    <ClInclude Include="BreakableBlock.h">
      <Filter>소스 파일\Obj\Obstacle\Block\BreakableBlock</Filter>
    </ClInclude>
    <ClInclude Include="Flower.h">
      <Filter>소스 파일\Obj\Item\Flower</Filter>
    </ClInclude>
    <ClInclude Include="Mushroom.h">
      <Filter>소스 파일\Obj\Item\Mushroom</Filter>
    </ClInclude>
    <ClInclude Include="BmpFile.h">
      <Filter>헤더 파일\Include</Filter>
    </ClInclude>
    <ClInclude Include="Chicken.h">
      <Filter>소스 파일\Obj\Monster\Chicken</Filter>
    </ClInclude>
    <ClInclude Include="MonsterFlower.h">
      <Filter>소스 파일\Obj\Monster\MonsterFlower</Filter>
    </ClInclude>
    <ClInclude Include="Squid.h">
      <Filter>소스 파일\Obj\Monster\Squid</Filter>
    </ClInclude>
    <ClInclude Include="Koopa_bullet.h">
      <Filter>소스 파일\Obj\Monster\Koopa\Koopa_Bullet</Filter>
    </ClInclude>
    <ClInclude Include="FlowerBullet.h">
      <Filter>소스 파일\Obj\Monster\MonsterFlower\Flower_Bullet</Filter>
    </ClInclude>
    <ClInclude Include="Stage2.h">
      <Filter>소스 파일\Game\Stage\StageTwo</Filter>
    </ClInclude>
    <ClInclude Include="Stage3.h">
      <Filter>소스 파일\Game\Stage\StageThree</Filter>
    </ClInclude>
    <ClInclude Include="Stage1.h">
      <Filter>소스 파일\Game\Stage\StageOne</Filter>
    </ClInclude>
    <ClInclude Include="Pipe.h">
      <Filter>소스 파일\Obj\Obstacle\Block\Pipe</Filter>
    </ClInclude>
  </ItemGroup>
  <ItemGroup>
    <ClCompile Include="Mario.cpp">
      <Filter>소스 파일</Filter>
    </ClCompile>
    <ClCompile Include="Game.cpp">
      <Filter>소스 파일\Game</Filter>
    </ClCompile>
    <ClCompile Include="Menu.cpp">
      <Filter>소스 파일\Game\Menu</Filter>
    </ClCompile>
    <ClCompile Include="Stage.cpp">
      <Filter>소스 파일\Game\Stage</Filter>
    </ClCompile>
    <ClCompile Include="LineMgr.cpp">
      <Filter>소스 파일\Manager\LineMgr</Filter>
    </ClCompile>
    <ClCompile Include="Line.cpp">
      <Filter>소스 파일\Manager\LineMgr\Line</Filter>
    </ClCompile>
    <ClCompile Include="KeyMgr.cpp">
      <Filter>소스 파일\Manager\KeyMgr</Filter>
    </ClCompile>
    <ClCompile Include="ObjMgr.cpp">
      <Filter>소스 파일\Manager\ObjMgr</Filter>
    </ClCompile>
    <ClCompile Include="ScrollMgr.cpp">
      <Filter>소스 파일\Manager\ScrollMgr</Filter>
    </ClCompile>
    <ClCompile Include="Obj.cpp">
      <Filter>소스 파일\Obj</Filter>
    </ClCompile>
    <ClCompile Include="GameButton.cpp">
      <Filter>소스 파일\Game\Menu\Button</Filter>
    </ClCompile>
    <ClCompile Include="MenuButton.cpp">
      <Filter>소스 파일\Game\Menu\Button</Filter>
    </ClCompile>
    <ClCompile Include="CollisionMgr.cpp">
      <Filter>소스 파일\Manager\CollisionMgr</Filter>
    </ClCompile>
    <ClCompile Include="BmpMgr.cpp">
      <Filter>소스 파일\Manager\BmpMgr</Filter>
    </ClCompile>
    <ClCompile Include="MyBitmap.cpp">
      <Filter>소스 파일\Manager\BmpMgr\MyBmp</Filter>
    </ClCompile>
    <ClCompile Include="Monster.cpp">
      <Filter>소스 파일\Obj\Monster</Filter>
    </ClCompile>
    <ClCompile Include="Player.cpp">
      <Filter>소스 파일\Obj\Player</Filter>
    </ClCompile>
    <ClCompile Include="Bullet.cpp">
      <Filter>소스 파일\Obj\Bullet</Filter>
    </ClCompile>
    <ClCompile Include="ObjPoolMgr.cpp">
      <Filter>소스 파일\Manager\ObjPoolMgr</Filter>
    </ClCompile>
    <ClCompile Include="DataMgr.cpp">
      <Filter>소스 파일\Manager\DataMgr</Filter>
    </ClCompile>
    <ClCompile Include="Item.cpp">
      <Filter>소스 파일\Obj\Item</Filter>
    </ClCompile>
    <ClCompile Include="Coin.cpp">
      <Filter>소스 파일\Obj\Item\Coin</Filter>
    </ClCompile>
    <ClCompile Include="Koopa.cpp">
      <Filter>소스 파일\Obj\Monster\Koopa</Filter>
    </ClCompile>
    <ClCompile Include="Block.cpp">
      <Filter>소스 파일\Obj\Obstacle\Block</Filter>
    </ClCompile>
    <ClCompile Include="ItemBlock.cpp">
      <Filter>소스 파일\Obj\Obstacle\Block\ItemBlock</Filter>
    </ClCompile>
    <ClCompile Include="BreakableBlock.cpp">
      <Filter>소스 파일\Obj\Obstacle\Block\BreakableBlock</Filter>
    </ClCompile>
    <ClCompile Include="Flower.cpp">
      <Filter>소스 파일\Obj\Item\Flower</Filter>
    </ClCompile>
    <ClCompile Include="Mushroom.cpp">
      <Filter>소스 파일\Obj\Item\Mushroom</Filter>
    </ClCompile>
    <ClCompile Include="Chicken.cpp">
      <Filter>소스 파일\Obj\Monster\Chicken</Filter>
    </ClCompile>
    <ClCompile Include="MonsterFlower.cpp">
      <Filter>소스 파일\Obj\Monster\MonsterFlower</Filter>
    </ClCompile>
    <ClCompile Include="Squid.cpp">
      <Filter>소스 파일\Obj\Monster\Squid</Filter>
    </ClCompile>
    <ClCompile Include="Koopa_bullet.cpp">
      <Filter>소스 파일\Obj\Monster\Koopa\Koopa_Bullet</Filter>
    </ClCompile>
    <ClCompile Include="FlowerBullet.cpp">
      <Filter>소스 파일\Obj\Monster\MonsterFlower\Flower_Bullet</Filter>
    </ClCompile>
    <ClCompile Include="Stage2.cpp">
      <Filter>소스 파일\Game\Stage\StageTwo</Filter>
    </ClCompile>
    <ClCompile Include="Stage3.cpp">
      <Filter>소스 파일\Game\Stage\StageThree</Filter>
    </ClCompile>
    <ClCompile Include="Stage1.cpp">
      <Filter>소스 파일\Game\Stage\StageOne</Filter>
    </ClCompile>
    <ClCompile Include="Pipe.cpp">
      <Filter>소스 파일\Obj\Obstacle\Block\Pipe</Filter>
    </ClCompile>
  </ItemGroup>
  <ItemGroup>
    <ResourceCompile Include="Mario.rc">
      <Filter>리소스 파일</Filter>
    </ResourceCompile>
  </ItemGroup>
  <ItemGroup>
    <Image Include="small.ico">
      <Filter>리소스 파일</Filter>
    </Image>
    <Image Include="Mario.ico">
      <Filter>리소스 파일</Filter>
    </Image>
  </ItemGroup>
</Project>