<?xml version="1.0" encoding="utf-8"?>
<Project ToolsVersion="4.0" xmlns="http://schemas.microsoft.com/developer/msbuild/2003">
  <ItemGroup>
    <Filter Include="소스 파일">
      <UniqueIdentifier>{4FC737F1-C7A5-4376-A066-2A32D752A2FF}</UniqueIdentifier>
      <Extensions>cpp;c;cc;cxx;c++;cppm;ixx;def;odl;idl;hpj;bat;asm;asmx</Extensions>
    </Filter>
    <Filter Include="헤더 파일">
      <UniqueIdentifier>{93995380-89BD-4b04-88EB-625FBE52EBFB}</UniqueIdentifier>
      <Extensions>h;hh;hpp;hxx;h++;hm;inl;inc;ipp;xsd</Extensions>
    </Filter>
    <Filter Include="리소스 파일">
      <UniqueIdentifier>{67DA6AB6-F800-4c08-8B7A-83BB121AAD01}</UniqueIdentifier>
      <Extensions>rc;ico;cur;bmp;dlg;rc2;rct;bin;rgs;gif;jpg;jpeg;jpe;resx;tiff;tif;png;wav;mfcribbon-ms</Extensions>
    </Filter>
    <Filter Include="헤더 파일\Include">
      <UniqueIdentifier>{e9c33c58-4e8d-47e6-a544-638ce8805c15}</UniqueIdentifier>
    </Filter>
    <Filter Include="소스 파일\Game">
      <UniqueIdentifier>{b5090c5e-b22c-4e11-bfe1-98acfc0a66da}</UniqueIdentifier>
    </Filter>
    <Filter Include="소스 파일\Game\Menu">
      <UniqueIdentifier>{053d53dd-6cbc-4801-91ed-884293772248}</UniqueIdentifier>
    </Filter>
    <Filter Include="소스 파일\Game\Stage">
      <UniqueIdentifier>{5bc185b2-3b55-45b7-9b46-6e15f9c43fbd}</UniqueIdentifier>
    </Filter>
    <Filter Include="소스 파일\Game\Stage\StageOne">
      <UniqueIdentifier>{1c54131a-8b0b-40e1-9813-0bb50ca7c395}</UniqueIdentifier>
    </Filter>
    <Filter Include="소스 파일\Game\Stage\StageTwo">
      <UniqueIdentifier>{81e8ba99-d9a9-42b5-af2a-8c5f477dc447}</UniqueIdentifier>
    </Filter>
    <Filter Include="소스 파일\Game\Stage\StageThree">
      <UniqueIdentifier>{dca6c3ad-f5c6-42c8-8332-a26445628629}</UniqueIdentifier>
    </Filter>
    <Filter Include="소스 파일\Game\Stage\StageFour">
      <UniqueIdentifier>{a9d173f0-c684-4670-8717-14c6f345ae82}</UniqueIdentifier>
    </Filter>
  </ItemGroup>
  <ItemGroup>
    <ClInclude Include="framework.h">
      <Filter>헤더 파일</Filter>
    </ClInclude>
    <ClInclude Include="targetver.h">
      <Filter>헤더 파일</Filter>
    </ClInclude>
    <ClInclude Include="Resource.h">
      <Filter>헤더 파일</Filter>
    </ClInclude>
    <ClInclude Include="Mario.h">
      <Filter>헤더 파일</Filter>
    </ClInclude>
    <ClInclude Include="Define.h">
      <Filter>헤더 파일\Include</Filter>
    </ClInclude>
    <ClInclude Include="Include.h">
      <Filter>헤더 파일</Filter>
    </ClInclude>
    <ClInclude Include="Game.h">
      <Filter>소스 파일\Game</Filter>
    </ClInclude>
    <ClInclude Include="Menu.h">
      <Filter>소스 파일\Game\Menu</Filter>
    </ClInclude>
    <ClInclude Include="Enum.h">
      <Filter>헤더 파일\Include</Filter>
    </ClInclude>
    <ClInclude Include="Stage.h">
      <Filter>소스 파일\Game\Stage</Filter>
    </ClInclude>
  </ItemGroup>
  <ItemGroup>
    <ClCompile Include="Mario.cpp">
      <Filter>소스 파일</Filter>
    </ClCompile>
    <ClCompile Include="Game.cpp">
      <Filter>소스 파일\Game</Filter>
    </ClCompile>
    <ClCompile Include="Menu.cpp">
      <Filter>소스 파일\Game\Menu</Filter>
    </ClCompile>
    <ClCompile Include="Stage.cpp">
      <Filter>소스 파일\Game\Stage</Filter>
    </ClCompile>
  </ItemGroup>
  <ItemGroup>
    <ResourceCompile Include="Mario.rc">
      <Filter>리소스 파일</Filter>
    </ResourceCompile>
  </ItemGroup>
  <ItemGroup>
    <Image Include="small.ico">
      <Filter>리소스 파일</Filter>
    </Image>
    <Image Include="Mario.ico">
      <Filter>리소스 파일</Filter>
    </Image>
  </ItemGroup>
</Project>